
Microsoft Visual Studio Solution File, Format Version 12.00
# Visual Studio Version 17
VisualStudioVersion = 17.3.32929.385
MinimumVisualStudioVersion = 10.0.40219.1
Project("{FAE04EC0-301F-11D3-BF4B-00C04F79EFBC}") = "MovieStore", "MovieMarket\MovieStore.csproj", "{9088D93D-7BC5-4C3B-B085-8E30B382F4D4}"
EndProject
Global
	GlobalSection(SolutionConfigurationPlatforms) = preSolution
		Debug|Any CPU = Debug|Any CPU
		Release|Any CPU = Release|Any CPU
	EndGlobalSection
	GlobalSection(ProjectConfigurationPlatforms) = postSolution
		{9088D93D-7BC5-4C3B-B085-8E30B382F4D4}.Debug|Any CPU.ActiveCfg = Debug|Any CPU
		{9088D93D-7BC5-4C3B-B085-8E30B382F4D4}.Debug|Any CPU.Build.0 = Debug|Any CPU
		{9088D93D-7BC5-4C3B-B085-8E30B382F4D4}.Release|Any CPU.ActiveCfg = Release|Any CPU
		{9088D93D-7BC5-4C3B-B085-8E30B382F4D4}.Release|Any CPU.Build.0 = Release|Any CPU
	EndGlobalSection
	GlobalSection(SolutionProperties) = preSolution
		HideSolutionNode = FALSE
	EndGlobalSection
	GlobalSection(ExtensibilityGlobals) = postSolution
		SolutionGuid = {CDF4D79B-49AB-4E79-943A-869038102659}
	EndGlobalSection
EndGlobal
